
Microsoft Visual Studio Solution File, Format Version 12.00
# Visual Studio Version 17
VisualStudioVersion = 17.5.33516.290
MinimumVisualStudioVersion = 10.0.40219.1
Project("{FAE04EC0-301F-11D3-BF4B-00C04F79EFBC}") = "PRACTICA 2 PARCIAL I", "PRACTICA 2 PARCIAL I\PRACTICA 2 PARCIAL I.csproj", "{6EA119FB-3406-4029-AC28-648144126E30}"
EndProject
Global
	GlobalSection(SolutionConfigurationPlatforms) = preSolution
		Debug|Any CPU = Debug|Any CPU
		Release|Any CPU = Release|Any CPU
	EndGlobalSection
	GlobalSection(ProjectConfigurationPlatforms) = postSolution
		{6EA119FB-3406-4029-AC28-648144126E30}.Debug|Any CPU.ActiveCfg = Debug|Any CPU
		{6EA119FB-3406-4029-AC28-648144126E30}.Debug|Any CPU.Build.0 = Debug|Any CPU
		{6EA119FB-3406-4029-AC28-648144126E30}.Release|Any CPU.ActiveCfg = Release|Any CPU
		{6EA119FB-3406-4029-AC28-648144126E30}.Release|Any CPU.Build.0 = Release|Any CPU
	EndGlobalSection
	GlobalSection(SolutionProperties) = preSolution
		HideSolutionNode = FALSE
	EndGlobalSection
	GlobalSection(ExtensibilityGlobals) = postSolution
		SolutionGuid = {FD0EE38B-49A5-49CE-A50E-72C170454CAF}
	EndGlobalSection
EndGlobal
